schema: '2.0'
stages:
  fetch:
    cmd: "uv run python src/data/fetch_air_data.py\ngit commit -am \"Updated raw air
      data on `date` with DVC pipeline and GitHub workflows\" || true\ngit push ||
      true\ndvc push || true\n"
    deps:
    - path: src/data/fetch_air_data.py
      hash: md5
      md5: 7252eae429336b48c890de35c85a8c88
      size: 985
    params:
      params.yaml:
        fetch.url: https://www.arso.gov.si/xml/zrak/ones_zrak_urni_podatki_7dni.xml
    outs:
    - path: data/raw/air/air_data.xml
      hash: md5
      md5: 5e87b395b30688aabcc1bdf962e72347
      size: 1170493
  preprocess:
    cmd: "uv run python src/data/preprocess_air_data.py\ngit commit -am \"Updated
      preprocessed air data on `date` with DVC pipeline and GitHub workflows\" ||
      true\ngit push || true\ndvc push || true\n"
    deps:
    - path: data/raw/air/air_data.xml
      hash: md5
      md5: 5e87b395b30688aabcc1bdf962e72347
      size: 1170493
    - path: src/data/preprocess_air_data.py
      hash: md5
      md5: fdc54d03a62ec35f826fc4f19a376d77
      size: 1917
    params:
      params.yaml:
        preprocess.station: E410
    outs:
    - path: data/preprocessed/air
      hash: md5
      md5: f0b24a9847b6662801f062e0d485c5f5.dir
      size: 85399
      nfiles: 23
  validate:
    cmd: "uv run python src/data/setup_ge.py\nuv run python src/data/run_checkpoint.py\n"
    deps:
    - path: data/preprocessed/air/
      hash: md5
      md5: f0b24a9847b6662801f062e0d485c5f5.dir
      size: 85399
      nfiles: 23
    - path: src/data/run_checkpoint.py
      hash: md5
      md5: 8464b625a16c345997de2b99d744fb2e
      size: 1487
    - path: src/data/setup_ge.py
      hash: md5
      md5: b4b512659110798908fcef73c9763406
      size: 5638
    outs:
    - path: gx/checkpoints
      hash: md5
      md5: 09fb19eac074b87a3ab508f1f142b718.dir
      size: 18170
      nfiles: 23
    - path: gx/expectations
      hash: md5
      md5: 73d58a6e6c59e35fbe334040105736a6.dir
      size: 45274
      nfiles: 24
    - path: gx/uncommitted
      hash: md5
      md5: b2ea339b3583790393c945bfec9448d5.dir
      size: 37158008
      nfiles: 1156
  test_data:
    cmd: "uv run python src/data/test_data.py\n"
    deps:
    - path: data/preprocessed/air/
      hash: md5
      md5: f0b24a9847b6662801f062e0d485c5f5.dir
      size: 85399
      nfiles: 23
    - path: src/data/test_data.py
      hash: md5
      md5: 8ed27a0f847c3085c9f233479bc9629d
      size: 3164
    outs:
    - path: data/reference/air
      hash: md5
      md5: 0dd238b5a1217b84ca90bb0c85e70d2a.dir
      size: 83488
      nfiles: 23
  train:
    cmd: "uv run python src/model/train.py\ngit commit -am \"Updated model on `date`
      with DVC pipeline and GitHub workflows\" || true\ngit push || true\ndvc push
      || true\n"
    deps:
    - path: data/preprocessed/air/
      hash: md5
      md5: 249dcff8a8ed7858f825afb0e3cf9528.dir
      size: 85514
      nfiles: 23
    - path: data/reference/air
      hash: md5
      md5: 0dd238b5a1217b84ca90bb0c85e70d2a.dir
      size: 83488
      nfiles: 23
    - path: gx/uncommitted
      hash: md5
      md5: d407a3a2e10be6f89c77f492cdc00c39.dir
      size: 35820323
      nfiles: 1110
    - path: src/model/preprocess.py
      hash: md5
      md5: 5bc9eff00167913644a991b91eb5bb67
      size: 1183
    - path: src/model/train.py
      hash: md5
      md5: ec323c657f91a12aa6edc443a4805090
      size: 4764
    params:
      params.yaml:
        train.random_state: 42
        train.station: E410
        train.target_col: pm10
        train.test_size: 48
        train.window_size: 24
    outs:
    - path: models/
      hash: md5
      md5: c29398ee693ff5570c67f27f2cff4e5e.dir
      size: 1704804
      nfiles: 42
