schema: '2.0'
stages:
  fetch:
    cmd: "uv run python src/data/fetch_air_data.py\ngit commit -am \"Updated raw air
      data on `date` with DVC pipeline and GitHub workflows\" || true\ngit push ||
      true\ndvc push || true\n"
    deps:
    - path: src/data/fetch_air_data.py
      hash: md5
      md5: 7252eae429336b48c890de35c85a8c88
      size: 985
    params:
      params.yaml:
        fetch.url: https://www.arso.gov.si/xml/zrak/ones_zrak_urni_podatki_7dni.xml
    outs:
    - path: data/raw/air/air_data.xml
      hash: md5
      md5: 1ced674af264bd29c9def0adf7484c40
      size: 1169970
  preprocess:
    cmd: "uv run python src/data/preprocess_air_data.py\ngit commit -am \"Updated
      preprocessed air data on `date` with DVC pipeline and GitHub workflows\" ||
      true\ngit push || true\ndvc push || true\n"
    deps:
    - path: data/raw/air/air_data.xml
      hash: md5
      md5: 1ced674af264bd29c9def0adf7484c40
      size: 1169970
    - path: src/data/preprocess_air_data.py
      hash: md5
      md5: fdc54d03a62ec35f826fc4f19a376d77
      size: 1917
    params:
      params.yaml:
        preprocess.station: E410
    outs:
    - path: data/preprocessed/air
      hash: md5
      md5: 8829c363a2647b10215d59237b2575d1.dir
      size: 81557
      nfiles: 23
  validate:
    cmd: "uv run python src/data/run_checkpoint.py\n"
    deps:
    - path: data/preprocessed/air/
      hash: md5
      md5: 8829c363a2647b10215d59237b2575d1.dir
      size: 81557
      nfiles: 23
    outs:
    - path: gx
      hash: md5
      md5: 476dea96a786be499213b05b726b4785.dir
      size: 15860971
      nfiles: 473
  test_data:
    cmd: "uv run python src/data/test_data.py\n"
    deps:
    - path: data/preprocessed/air/
      hash: md5
      md5: 8829c363a2647b10215d59237b2575d1.dir
      size: 81557
      nfiles: 23
    - path: src/data/test_data.py
      hash: md5
      md5: 5b160f5148eee9785ac565833dd34c8f
      size: 2701
    outs:
    - path: data/reference/air
      hash: md5
      md5: 751e5a3d69d3ee7c55f558fea38f6694.dir
      size: 83477
      nfiles: 23
