schema: '2.0'
stages:
  fetch:
    cmd: "uv run python src/data/fetch_air_data.py\ngit commit -am \"Updated raw air
      data on `date` with DVC pipeline and GitHub workflows\" || true\ngit push ||
      true\ndvc push || true\n"
    deps:
    - path: src/data/fetch_air_data.py
      hash: md5
      md5: 7252eae429336b48c890de35c85a8c88
      size: 985
    params:
      params.yaml:
        fetch.url: https://www.arso.gov.si/xml/zrak/ones_zrak_urni_podatki_7dni.xml
    outs:
    - path: data/raw/air/air_data.xml
      hash: md5
      md5: 176dc95e73188c535c2899e3d5bef644
      size: 1169492
  preprocess:
    cmd: "uv run python src/data/preprocess_air_data.py\ngit commit -am \"Updated
      preprocessed air data on `date` with DVC pipeline and GitHub workflows\" ||
      true\ngit push || true\ndvc push || true\n"
    deps:
    - path: data/raw/air/air_data.xml
      hash: md5
      md5: a4c6cde753e55f01b32f166b064edf61
      size: 1169824
    - path: src/data/preprocess_air_data.py
      hash: md5
      md5: fdc54d03a62ec35f826fc4f19a376d77
      size: 1917
    params:
      params.yaml:
        preprocess.station: E410
    outs:
    - path: data/preprocessed/air
      hash: md5
      md5: b7f55b422fce8e0eefbd2dc406ef7352.dir
      size: 81580
      nfiles: 23
  validate:
    cmd: "uv run python src/data/setup_ge.py\nuv run python src/data/run_checkpoint.py\n"
    deps:
    - path: data/preprocessed/air/
      hash: md5
      md5: b7f55b422fce8e0eefbd2dc406ef7352.dir
      size: 81580
      nfiles: 23
    - path: src/data/run_checkpoint.py
      hash: md5
      md5: 8464b625a16c345997de2b99d744fb2e
      size: 1487
    - path: src/data/setup_ge.py
      hash: md5
      md5: b4b512659110798908fcef73c9763406
      size: 5638
    outs:
    - path: gx/checkpoints
      hash: md5
      md5: 09fb19eac074b87a3ab508f1f142b718.dir
      size: 18170
      nfiles: 23
    - path: gx/expectations
      hash: md5
      md5: f93ed9679121580efe21027b1cc90581.dir
      size: 45274
      nfiles: 24
    - path: gx/uncommitted
      hash: md5
      md5: ea6ff6b074c9b4f8fdeb0741cb642f5d.dir
      size: 23786095
      nfiles: 696
  test_data:
    cmd: "uv run python src/data/test_data.py\n"
    deps:
    - path: data/preprocessed/air/
      hash: md5
      md5: b7f55b422fce8e0eefbd2dc406ef7352.dir
      size: 81580
      nfiles: 23
    - path: src/data/test_data.py
      hash: md5
      md5: 8ed27a0f847c3085c9f233479bc9629d
      size: 3164
    outs:
    - path: data/reference/air
      hash: md5
      md5: 064b4bb2f4339fba9cf9726134c0838e.dir
      size: 83478
      nfiles: 23
  train:
    cmd: "uv run python src/model/train.py\ngit commit -am \"Updated model on `date`
      with DVC pipeline and GitHub workflows\" || true\ngit push || true\ndvc push
      || true\n"
    deps:
    - path: data/preprocessed/air/
      hash: md5
      md5: b7f55b422fce8e0eefbd2dc406ef7352.dir
      size: 81580
      nfiles: 23
    - path: data/reference/air
      hash: md5
      md5: 064b4bb2f4339fba9cf9726134c0838e.dir
      size: 83478
      nfiles: 23
    - path: gx/uncommitted
      hash: md5
      md5: ea6ff6b074c9b4f8fdeb0741cb642f5d.dir
      size: 23786095
      nfiles: 696
    - path: src/model/preprocess.py
      hash: md5
      md5: 5bc9eff00167913644a991b91eb5bb67
      size: 1183
    - path: src/model/train.py
      hash: md5
      md5: bc225a37dc863edbbca9a0173f637ade
      size: 4718
    params:
      params.yaml:
        train.random_state: 42
        train.station: E410
        train.target_col: pm10
        train.test_size: 48
        train.window_size: 24
    outs:
    - path: models/
      hash: md5
      md5: 4e45caef5d0a11e2e4bacaa60ca0d1c6.dir
      size: 1704804
      nfiles: 42
